
Microsoft Visual Studio Solution File, Format Version 12.00
# Visual Studio Version 16
VisualStudioVersion = 16.0.30523.141
MinimumVisualStudioVersion = 10.0.40219.1
Project("{FAE04EC0-301F-11D3-BF4B-00C04F79EFBC}") = "AssignmentFinal", "AssignmentFinal.csproj", "{4186CE2E-5EAB-4CD3-AE12-7C42C5A860B3}"
EndProject
Global
	GlobalSection(SolutionConfigurationPlatforms) = preSolution
		Debug|Any CPU = Debug|Any CPU
		Release|Any CPU = Release|Any CPU
	EndGlobalSection
	GlobalSection(ProjectConfigurationPlatforms) = postSolution
		{4186CE2E-5EAB-4CD3-AE12-7C42C5A860B3}.Debug|Any CPU.ActiveCfg = Debug|Any CPU
		{4186CE2E-5EAB-4CD3-AE12-7C42C5A860B3}.Debug|Any CPU.Build.0 = Debug|Any CPU
		{4186CE2E-5EAB-4CD3-AE12-7C42C5A860B3}.Release|Any CPU.ActiveCfg = Release|Any CPU
		{4186CE2E-5EAB-4CD3-AE12-7C42C5A860B3}.Release|Any CPU.Build.0 = Release|Any CPU
	EndGlobalSection
	GlobalSection(SolutionProperties) = preSolution
		HideSolutionNode = FALSE
	EndGlobalSection
	GlobalSection(ExtensibilityGlobals) = postSolution
		SolutionGuid = {B5578426-393F-403D-BFEC-0D0636DD40E9}
	EndGlobalSection
EndGlobal
